// !$*UTF8*$!
{
	archiveVersion = 1;
	classes = {
	};
	objectVersion = 46;
	objects = {

/* Begin PBXBuildFile section */
		096A5BFC1D45CD21004D23E6 /* main.m in Sources */ = {isa = PBXBuildFile; fileRef = 096A5BFB1D45CD21004D23E6 /* main.m */; };
		096A5BFF1D45CD22004D23E6 /* AppDelegate.m in Sources */ = {isa = PBXBuildFile; fileRef = 096A5BFE1D45CD22004D23E6 /* AppDelegate.m */; };
		096A5C021D45CD22004D23E6 /* ViewController.m in Sources */ = {isa = PBXBuildFile; fileRef = 096A5C011D45CD22004D23E6 /* ViewController.m */; };
		096A5C081D45CD22004D23E6 /* PokemonMap.xcdatamodeld in Sources */ = {isa = PBXBuildFile; fileRef = 096A5C061D45CD22004D23E6 /* PokemonMap.xcdatamodeld */; };
		096A5C0A1D45CD22004D23E6 /* Assets.xcassets in Resources */ = {isa = PBXBuildFile; fileRef = 096A5C091D45CD22004D23E6 /* Assets.xcassets */; };
		096A5C181D45CD22004D23E6 /* PokemonMapTests.m in Sources */ = {isa = PBXBuildFile; fileRef = 096A5C171D45CD22004D23E6 /* PokemonMapTests.m */; };
		096A5C231D45CD22004D23E6 /* PokemonMapUITests.m in Sources */ = {isa = PBXBuildFile; fileRef = 096A5C221D45CD22004D23E6 /* PokemonMapUITests.m */; };
		B45B2B7441F5BEEA7FAA194D /* libPods-PokemonMap.a in Frameworks */ = {isa = PBXBuildFile; fileRef = 844ABBD90A68965C15288F1F /* libPods-PokemonMap.a */; };
/* End PBXBuildFile section */

/* Begin PBXContainerItemProxy section */
		096A5C141D45CD22004D23E6 /* PBXContainerItemProxy */ = {
			isa = PBXContainerItemProxy;
			containerPortal = 096A5BEF1D45CD21004D23E6 /* Project object */;
			proxyType = 1;
			remoteGlobalIDString = 096A5BF61D45CD21004D23E6;
			remoteInfo = PokemonMap;
		};
		096A5C1F1D45CD22004D23E6 /* PBXContainerItemProxy */ = {
			isa = PBXContainerItemProxy;
			containerPortal = 096A5BEF1D45CD21004D23E6 /* Project object */;
			proxyType = 1;
			remoteGlobalIDString = 096A5BF61D45CD21004D23E6;
			remoteInfo = PokemonMap;
		};
/* End PBXContainerItemProxy section */

/* Begin PBXFileReference section */
		096A5BF71D45CD21004D23E6 /* PokemonMap.app */ = {isa = PBXFileReference; explicitFileType = wrapper.application; includeInIndex = 0; path = PokemonMap.app; sourceTree = BUILT_PRODUCTS_DIR; };
		096A5BFB1D45CD21004D23E6 /* main.m */ = {isa = PBXFileReference; lastKnownFileType = sourcecode.c.objc; path = main.m; sourceTree = "<group>"; };
		096A5BFD1D45CD21004D23E6 /* AppDelegate.h */ = {isa = PBXFileReference; lastKnownFileType = sourcecode.c.h; path = AppDelegate.h; sourceTree = "<group>"; };
		096A5BFE1D45CD22004D23E6 /* AppDelegate.m */ = {isa = PBXFileReference; lastKnownFileType = sourcecode.c.objc; path = AppDelegate.m; sourceTree = "<group>"; };
		096A5C001D45CD22004D23E6 /* ViewController.h */ = {isa = PBXFileReference; lastKnownFileType = sourcecode.c.h; path = ViewController.h; sourceTree = "<group>"; };
		096A5C011D45CD22004D23E6 /* ViewController.m */ = {isa = PBXFileReference; lastKnownFileType = sourcecode.c.objc; path = ViewController.m; sourceTree = "<group>"; };
		096A5C071D45CD22004D23E6 /* PokemonMap.xcdatamodel */ = {isa = PBXFileReference; lastKnownFileType = wrapper.xcdatamodel; path = PokemonMap.xcdatamodel; sourceTree = "<group>"; };
		096A5C091D45CD22004D23E6 /* Assets.xcassets */ = {isa = PBXFileReference; lastKnownFileType = folder.assetcatalog; path = Assets.xcassets; sourceTree = "<group>"; };
		096A5C0E1D45CD22004D23E6 /* Info.plist */ = {isa = PBXFileReference; lastKnownFileType = text.plist.xml; path = Info.plist; sourceTree = "<group>"; };
		096A5C131D45CD22004D23E6 /* PokemonMapTests.xctest */ = {isa = PBXFileReference; explicitFileType = wrapper.cfbundle; includeInIndex = 0; path = PokemonMapTests.xctest; sourceTree = BUILT_PRODUCTS_DIR; };
		096A5C171D45CD22004D23E6 /* PokemonMapTests.m */ = {isa = PBXFileReference; lastKnownFileType = sourcecode.c.objc; path = PokemonMapTests.m; sourceTree = "<group>"; };
		096A5C191D45CD22004D23E6 /* Info.plist */ = {isa = PBXFileReference; lastKnownFileType = text.plist.xml; path = Info.plist; sourceTree = "<group>"; };
		096A5C1E1D45CD22004D23E6 /* PokemonMapUITests.xctest */ = {isa = PBXFileReference; explicitFileType = wrapper.cfbundle; includeInIndex = 0; path = PokemonMapUITests.xctest; sourceTree = BUILT_PRODUCTS_DIR; };
		096A5C221D45CD22004D23E6 /* PokemonMapUITests.m */ = {isa = PBXFileReference; lastKnownFileType = sourcecode.c.objc; path = PokemonMapUITests.m; sourceTree = "<group>"; };
		096A5C241D45CD22004D23E6 /* Info.plist */ = {isa = PBXFileReference; lastKnownFileType = text.plist.xml; path = Info.plist; sourceTree = "<group>"; };
		4580AFB8B88F9D267CEF3C18 /* Pods-PokemonMap.release.xcconfig */ = {isa = PBXFileReference; includeInIndex = 1; lastKnownFileType = text.xcconfig; name = "Pods-PokemonMap.release.xcconfig"; path = "Pods/Target Support Files/Pods-PokemonMap/Pods-PokemonMap.release.xcconfig"; sourceTree = "<group>"; };
		7805576DCA24D6035FA04CA8 /* Pods-PokemonMap.debug.xcconfig */ = {isa = PBXFileReference; includeInIndex = 1; lastKnownFileType = text.xcconfig; name = "Pods-PokemonMap.debug.xcconfig"; path = "Pods/Target Support Files/Pods-PokemonMap/Pods-PokemonMap.debug.xcconfig"; sourceTree = "<group>"; };
		844ABBD90A68965C15288F1F /* libPods-PokemonMap.a */ = {isa = PBXFileReference; explicitFileType = archive.ar; includeInIndex = 0; path = "libPods-PokemonMap.a"; sourceTree = BUILT_PRODUCTS_DIR; };
/* End PBXFileReference section */

/* Begin PBXFrameworksBuildPhase section */
		096A5BF41D45CD21004D23E6 /* Frameworks */ = {
			isa = PBXFrameworksBuildPhase;
			buildActionMask = 2147483647;
			files = (
				B45B2B7441F5BEEA7FAA194D /* libPods-PokemonMap.a in Frameworks */,
			);
			runOnlyForDeploymentPostprocessing = 0;
		};
		096A5C101D45CD22004D23E6 /* Frameworks */ = {
			isa = PBXFrameworksBuildPhase;
			buildActionMask = 2147483647;
			files = (
			);
			runOnlyForDeploymentPostprocessing = 0;
		};
		096A5C1B1D45CD22004D23E6 /* Frameworks */ = {
			isa = PBXFrameworksBuildPhase;
			buildActionMask = 2147483647;
			files = (
			);
			runOnlyForDeploymentPostprocessing = 0;
		};
/* End PBXFrameworksBuildPhase section */

/* Begin PBXGroup section */
		096A5BEE1D45CD21004D23E6 = {
			isa = PBXGroup;
			children = (
				096A5BF91D45CD21004D23E6 /* PokemonMap */,
				096A5C161D45CD22004D23E6 /* PokemonMapTests */,
				096A5C211D45CD22004D23E6 /* PokemonMapUITests */,
				096A5BF81D45CD21004D23E6 /* Products */,
				61A3FB6A740C4FD7D61E8932 /* Pods */,
				6B72E96CC129C5BBC05EBF8D /* Frameworks */,
			);
			sourceTree = "<group>";
		};
		096A5BF81D45CD21004D23E6 /* Products */ = {
			isa = PBXGroup;
			children = (
				096A5BF71D45CD21004D23E6 /* PokemonMap.app */,
				096A5C131D45CD22004D23E6 /* PokemonMapTests.xctest */,
				096A5C1E1D45CD22004D23E6 /* PokemonMapUITests.xctest */,
			);
			name = Products;
			sourceTree = "<group>";
		};
		096A5BF91D45CD21004D23E6 /* PokemonMap */ = {
			isa = PBXGroup;
			children = (
				096A5BFD1D45CD21004D23E6 /* AppDelegate.h */,
				096A5BFE1D45CD22004D23E6 /* AppDelegate.m */,
				096A5C001D45CD22004D23E6 /* ViewController.h */,
				096A5C011D45CD22004D23E6 /* ViewController.m */,
				096A5C091D45CD22004D23E6 /* Assets.xcassets */,
				096A5C0E1D45CD22004D23E6 /* Info.plist */,
				096A5C061D45CD22004D23E6 /* PokemonMap.xcdatamodeld */,
				096A5BFA1D45CD21004D23E6 /* Supporting Files */,
			);
			path = PokemonMap;
			sourceTree = "<group>";
		};
		096A5BFA1D45CD21004D23E6 /* Supporting Files */ = {
			isa = PBXGroup;
			children = (
				096A5BFB1D45CD21004D23E6 /* main.m */,
			);
			name = "Supporting Files";
			sourceTree = "<group>";
		};
		096A5C161D45CD22004D23E6 /* PokemonMapTests */ = {
			isa = PBXGroup;
			children = (
				096A5C171D45CD22004D23E6 /* PokemonMapTests.m */,
				096A5C191D45CD22004D23E6 /* Info.plist */,
			);
			path = PokemonMapTests;
			sourceTree = "<group>";
		};
		096A5C211D45CD22004D23E6 /* PokemonMapUITests */ = {
			isa = PBXGroup;
			children = (
				096A5C221D45CD22004D23E6 /* PokemonMapUITests.m */,
				096A5C241D45CD22004D23E6 /* Info.plist */,
			);
			path = PokemonMapUITests;
			sourceTree = "<group>";
		};
		61A3FB6A740C4FD7D61E8932 /* Pods */ = {
			isa = PBXGroup;
			children = (
				7805576DCA24D6035FA04CA8 /* Pods-PokemonMap.debug.xcconfig */,
				4580AFB8B88F9D267CEF3C18 /* Pods-PokemonMap.release.xcconfig */,
			);
			name = Pods;
			sourceTree = "<group>";
		};
		6B72E96CC129C5BBC05EBF8D /* Frameworks */ = {
			isa = PBXGroup;
			children = (
				844ABBD90A68965C15288F1F /* libPods-PokemonMap.a */,
			);
			name = Frameworks;
			sourceTree = "<group>";
		};
/* End PBXGroup section */

/* Begin PBXNativeTarget section */
		096A5BF61D45CD21004D23E6 /* PokemonMap */ = {
			isa = PBXNativeTarget;
			buildConfigurationList = 096A5C271D45CD22004D23E6 /* Build configuration list for PBXNativeTarget "PokemonMap" */;
			buildPhases = (
				E0C959EC8A2D3B1C0394C022 /* Check Pods Manifest.lock */,
				096A5BF31D45CD21004D23E6 /* Sources */,
				096A5BF41D45CD21004D23E6 /* Frameworks */,
				096A5BF51D45CD21004D23E6 /* Resources */,
				575E323B2579AAB0658DBB9A /* Embed Pods Frameworks */,
				9D3623EEB762148A515273CB /* Copy Pods Resources */,
			);
			buildRules = (
			);
			dependencies = (
			);
			name = PokemonMap;
			productName = PokemonMap;
			productReference = 096A5BF71D45CD21004D23E6 /* PokemonMap.app */;
			productType = "com.apple.product-type.application";
		};
		096A5C121D45CD22004D23E6 /* PokemonMapTests */ = {
			isa = PBXNativeTarget;
			buildConfigurationList = 096A5C2A1D45CD22004D23E6 /* Build configuration list for PBXNativeTarget "PokemonMapTests" */;
			buildPhases = (
				096A5C0F1D45CD22004D23E6 /* Sources */,
				096A5C101D45CD22004D23E6 /* Frameworks */,
				096A5C111D45CD22004D23E6 /* Resources */,
			);
			buildRules = (
			);
			dependencies = (
				096A5C151D45CD22004D23E6 /* PBXTargetDependency */,
			);
			name = PokemonMapTests;
			productName = PokemonMapTests;
			productReference = 096A5C131D45CD22004D23E6 /* PokemonMapTests.xctest */;
			productType = "com.apple.product-type.bundle.unit-test";
		};
		096A5C1D1D45CD22004D23E6 /* PokemonMapUITests */ = {
			isa = PBXNativeTarget;
			buildConfigurationList = 096A5C2D1D45CD22004D23E6 /* Build configuration list for PBXNativeTarget "PokemonMapUITests" */;
			buildPhases = (
				096A5C1A1D45CD22004D23E6 /* Sources */,
				096A5C1B1D45CD22004D23E6 /* Frameworks */,
				096A5C1C1D45CD22004D23E6 /* Resources */,
			);
			buildRules = (
			);
			dependencies = (
				096A5C201D45CD22004D23E6 /* PBXTargetDependency */,
			);
			name = PokemonMapUITests;
			productName = PokemonMapUITests;
			productReference = 096A5C1E1D45CD22004D23E6 /* PokemonMapUITests.xctest */;
			productType = "com.apple.product-type.bundle.ui-testing";
		};
/* End PBXNativeTarget section */

/* Begin PBXProject section */
		096A5BEF1D45CD21004D23E6 /* Project object */ = {
			isa = PBXProject;
			attributes = {
				LastUpgradeCheck = 0730;
				ORGANIZATIONNAME = Mobiusbobs;
				TargetAttributes = {
					096A5BF61D45CD21004D23E6 = {
						CreatedOnToolsVersion = 7.3;
					};
					096A5C121D45CD22004D23E6 = {
						CreatedOnToolsVersion = 7.3;
						TestTargetID = 096A5BF61D45CD21004D23E6;
					};
					096A5C1D1D45CD22004D23E6 = {
						CreatedOnToolsVersion = 7.3;
						TestTargetID = 096A5BF61D45CD21004D23E6;
					};
				};
			};
			buildConfigurationList = 096A5BF21D45CD21004D23E6 /* Build configuration list for PBXProject "PokemonMap" */;
			compatibilityVersion = "Xcode 3.2";
			developmentRegion = English;
			hasScannedForEncodings = 0;
			knownRegions = (
				en,
				Base,
			);
			mainGroup = 096A5BEE1D45CD21004D23E6;
			productRefGroup = 096A5BF81D45CD21004D23E6 /* Products */;
			projectDirPath = "";
			projectRoot = "";
			targets = (
				096A5BF61D45CD21004D23E6 /* PokemonMap */,
				096A5C121D45CD22004D23E6 /* PokemonMapTests */,
				096A5C1D1D45CD22004D23E6 /* PokemonMapUITests */,
			);
		};
/* End PBXProject section */

/* Begin PBXResourcesBuildPhase section */
		096A5BF51D45CD21004D23E6 /* Resources */ = {
			isa = PBXResourcesBuildPhase;
			buildActionMask = 2147483647;
			files = (
				096A5C0A1D45CD22004D23E6 /* Assets.xcassets in Resources */,
			);
			runOnlyForDeploymentPostprocessing = 0;
		};
		096A5C111D45CD22004D23E6 /* Resources */ = {
			isa = PBXResourcesBuildPhase;
			buildActionMask = 2147483647;
			files = (
			);
			runOnlyForDeploymentPostprocessing = 0;
		};
		096A5C1C1D45CD22004D23E6 /* Resources */ = {
			isa = PBXResourcesBuildPhase;
			buildActionMask = 2147483647;
			files = (
			);
			runOnlyForDeploymentPostprocessing = 0;
		};
/* End PBXResourcesBuildPhase section */

/* Begin PBXShellScriptBuildPhase section */
		575E323B2579AAB0658DBB9A /* Embed Pods Frameworks */ = {
			isa = PBXShellScriptBuildPhase;
			buildActionMask = 2147483647;
			files = (
			);
			inputPaths = (
			);
			name = "Embed Pods Frameworks";
			outputPaths = (
			);
			runOnlyForDeploymentPostprocessing = 0;
			shellPath = /bin/sh;
			shellScript = "\"${SRCROOT}/Pods/Target Support Files/Pods-PokemonMap/Pods-PokemonMap-frameworks.sh\"\n";
			showEnvVarsInLog = 0;
		};
		9D3623EEB762148A515273CB /* Copy Pods Resources */ = {
			isa = PBXShellScriptBuildPhase;
			buildActionMask = 2147483647;
			files = (
			);
			inputPaths = (
			);
			name = "Copy Pods Resources";
			outputPaths = (
			);
			runOnlyForDeploymentPostprocessing = 0;
			shellPath = /bin/sh;
			shellScript = "\"${SRCROOT}/Pods/Target Support Files/Pods-PokemonMap/Pods-PokemonMap-resources.sh\"\n";
			showEnvVarsInLog = 0;
		};
		E0C959EC8A2D3B1C0394C022 /* Check Pods Manifest.lock */ = {
			isa = PBXShellScriptBuildPhase;
			buildActionMask = 2147483647;
			files = (
			);
			inputPaths = (
			);
			name = "Check Pods Manifest.lock";
			outputPaths = (
			);
			runOnlyForDeploymentPostprocessing = 0;
			shellPath = /bin/sh;
			shellScript = "diff \"${PODS_ROOT}/../Podfile.lock\" \"${PODS_ROOT}/Manifest.lock\" > /dev/null\nif [[ $? != 0 ]] ; then\n    cat << EOM\nerror: The sandbox is not in sync with the Podfile.lock. Run 'pod install' or update your CocoaPods installation.\nEOM\n    exit 1\nfi\n";
			showEnvVarsInLog = 0;
		};
/* End PBXShellScriptBuildPhase section */

/* Begin PBXSourcesBuildPhase section */
		096A5BF31D45CD21004D23E6 /* Sources */ = {
			isa = PBXSourcesBuildPhase;
			buildActionMask = 2147483647;
			files = (
				096A5C021D45CD22004D23E6 /* ViewController.m in Sources */,
				096A5BFF1D45CD22004D23E6 /* AppDelegate.m in Sources */,
				096A5C081D45CD22004D23E6 /* PokemonMap.xcdatamodeld in Sources */,
				096A5BFC1D45CD21004D23E6 /* main.m in Sources */,
			);
			runOnlyForDeploymentPostprocessing = 0;
		};
		096A5C0F1D45CD22004D23E6 /* Sources */ = {
			isa = PBXSourcesBuildPhase;
			buildActionMask = 2147483647;
			files = (
				096A5C181D45CD22004D23E6 /* PokemonMapTests.m in Sources */,
			);
			runOnlyForDeploymentPostprocessing = 0;
		};
		096A5C1A1D45CD22004D23E6 /* Sources */ = {
			isa = PBXSourcesBuildPhase;
			buildActionMask = 2147483647;
			files = (
				096A5C231D45CD22004D23E6 /* PokemonMapUITests.m in Sources */,
			);
			runOnlyForDeploymentPostprocessing = 0;
		};
/* End PBXSourcesBuildPhase section */

/* Begin PBXTargetDependency section */
		096A5C151D45CD22004D23E6 /* PBXTargetDependency */ = {
			isa = PBXTargetDependency;
			target = 096A5BF61D45CD21004D23E6 /* PokemonMap */;
			targetProxy = 096A5C141D45CD22004D23E6 /* PBXContainerItemProxy */;
		};
		096A5C201D45CD22004D23E6 /* PBXTargetDependency */ = {
			isa = PBXTargetDependency;
			target = 096A5BF61D45CD21004D23E6 /* PokemonMap */;
			targetProxy = 096A5C1F1D45CD22004D23E6 /* PBXContainerItemProxy */;
		};
/* End PBXTargetDependency section */

/* Begin XCBuildConfiguration section */
		096A5C251D45CD22004D23E6 /* Debug */ = {
			isa = XCBuildConfiguration;
			buildSettings = {
				ALWAYS_SEARCH_USER_PATHS = NO;
				CLANG_ANALYZER_NONNULL = YES;
				CLANG_CXX_LANGUAGE_STANDARD = "gnu++0x";
				CLANG_CXX_LIBRARY = "libc++";
				CLANG_ENABLE_MODULES = YES;
				CLANG_ENABLE_OBJC_ARC = YES;
				CLANG_WARN_BOOL_CONVERSION = YES;
				CLANG_WARN_CONSTANT_CONVERSION = YES;
				CLANG_WARN_DIRECT_OBJC_ISA_USAGE = YES_ERROR;
				CLANG_WARN_EMPTY_BODY = YES;
				CLANG_WARN_ENUM_CONVERSION = YES;
				CLANG_WARN_INT_CONVERSION = YES;
				CLANG_WARN_OBJC_ROOT_CLASS = YES_ERROR;
				CLANG_WARN_UNREACHABLE_CODE = YES;
				CLANG_WARN__DUPLICATE_METHOD_MATCH = YES;
				"CODE_SIGN_IDENTITY[sdk=iphoneos*]" = "iPhone Developer";
				COPY_PHASE_STRIP = NO;
				DEBUG_INFORMATION_FORMAT = dwarf;
				ENABLE_STRICT_OBJC_MSGSEND = YES;
				ENABLE_TESTABILITY = YES;
				GCC_C_LANGUAGE_STANDARD = gnu99;
				GCC_DYNAMIC_NO_PIC = NO;
				GCC_NO_COMMON_BLOCKS = YES;
				GCC_OPTIMIZATION_LEVEL = 0;
				GCC_PREPROCESSOR_DEFINITIONS = (
					"DEBUG=1",
					"$(inherited)",
				);
				GCC_WARN_64_TO_32_BIT_CONVERSION = YES;
				GCC_WARN_ABOUT_RETURN_TYPE = YES_ERROR;
				GCC_WARN_UNDECLARED_SELECTOR = YES;
				GCC_WARN_UNINITIALIZED_AUTOS = YES_AGGRESSIVE;
				GCC_WARN_UNUSED_FUNCTION = YES;
				GCC_WARN_UNUSED_VARIABLE = YES;
				IPHONEOS_DEPLOYMENT_TARGET = 9.3;
				MTL_ENABLE_DEBUG_INFO = YES;
				ONLY_ACTIVE_ARCH = YES;
				SDKROOT = iphoneos;
				TARGETED_DEVICE_FAMILY = "1,2";
			};
			name = Debug;
		};
		096A5C261D45CD22004D23E6 /* Release */ = {
			isa = XCBuildConfiguration;
			buildSettings = {
				ALWAYS_SEARCH_USER_PATHS = NO;
				CLANG_ANALYZER_NONNULL = YES;
				CLANG_CXX_LANGUAGE_STANDARD = "gnu++0x";
				CLANG_CXX_LIBRARY = "libc++";
				CLANG_ENABLE_MODULES = YES;
				CLANG_ENABLE_OBJC_ARC = YES;
				CLANG_WARN_BOOL_CONVERSION = YES;
				CLANG_WARN_CONSTANT_CONVERSION = YES;
				CLANG_WARN_DIRECT_OBJC_ISA_USAGE = YES_ERROR;
				CLANG_WARN_EMPTY_BODY = YES;
				CLANG_WARN_ENUM_CONVERSION = YES;
				CLANG_WARN_INT_CONVERSION = YES;
				CLANG_WARN_OBJC_ROOT_CLASS = YES_ERROR;
				CLANG_WARN_UNREACHABLE_CODE = YES;
				CLANG_WARN__DUPLICATE_METHOD_MATCH = YES;
				"CODE_SIGN_IDENTITY[sdk=iphoneos*]" = "iPhone Developer";
				COPY_PHASE_STRIP = NO;
				DEBUG_INFORMATION_FORMAT = "dwarf-with-dsym";
				ENABLE_NS_ASSERTIONS = NO;
				ENABLE_STRICT_OBJC_MSGSEND = YES;
				GCC_C_LANGUAGE_STANDARD = gnu99;
				GCC_NO_COMMON_BLOCKS = YES;
				GCC_WARN_64_TO_32_BIT_CONVERSION = YES;
				GCC_WARN_ABOUT_RETURN_TYPE = YES_ERROR;
				GCC_WARN_UNDECLARED_SELECTOR = YES;
				GCC_WARN_UNINITIALIZED_AUTOS = YES_AGGRESSIVE;
				GCC_WARN_UNUSED_FUNCTION = YES;
				GCC_WARN_UNUSED_VARIABLE = YES;
				IPHONEOS_DEPLOYMENT_TARGET = 9.3;
				MTL_ENABLE_DEBUG_INFO = NO;
				SDKROOT = iphoneos;
				TARGETED_DEVICE_FAMILY = "1,2";
				VALIDATE_PRODUCT = YES;
			};
			name = Release;
		};
		096A5C281D45CD22004D23E6 /* Debug */ = {
			isa = XCBuildConfiguration;
			baseConfigurationReference = 7805576DCA24D6035FA04CA8 /* Pods-PokemonMap.debug.xcconfig */;
			buildSettings = {
				ASSETCATALOG_COMPILER_APPICON_NAME = AppIcon;
				INFOPLIST_FILE = PokemonMap/Info.plist;
				LD_RUNPATH_SEARCH_PATHS = "$(inherited) @executable_path/Frameworks";
				PRODUCT_BUNDLE_IDENTIFIER = com.mobiusbobs.PokemonMap;
				PRODUCT_NAME = "$(TARGET_NAME)";
			};
			name = Debug;
		};
		096A5C291D45CD22004D23E6 /* Release */ = {
			isa = XCBuildConfiguration;
			baseConfigurationReference = 4580AFB8B88F9D267CEF3C18 /* Pods-PokemonMap.release.xcconfig */;
			buildSettings = {
				ASSETCATALOG_COMPILER_APPICON_NAME = AppIcon;
				INFOPLIST_FILE = PokemonMap/Info.plist;
				LD_RUNPATH_SEARCH_PATHS = "$(inherited) @executable_path/Frameworks";
				PRODUCT_BUNDLE_IDENTIFIER = com.mobiusbobs.PokemonMap;
				PRODUCT_NAME = "$(TARGET_NAME)";
			};
			name = Release;
		};
		096A5C2B1D45CD22004D23E6 /* Debug */ = {
			isa = XCBuildConfiguration;
			buildSettings = {
				BUNDLE_LOADER = "$(TEST_HOST)";
				INFOPLIST_FILE = PokemonMapTests/Info.plist;
				LD_RUNPATH_SEARCH_PATHS = "$(inherited) @executable_path/Frameworks @loader_path/Frameworks";
				PRODUCT_BUNDLE_IDENTIFIER = com.mobiusbobs.PokemonMapTests;
				PRODUCT_NAME = "$(TARGET_NAME)";
				TEST_HOST = "$(BUILT_PRODUCTS_DIR)/PokemonMap.app/PokemonMap";
			};
			name = Debug;
		};
		096A5C2C1D45CD22004D23E6 /* Release */ = {
			isa = XCBuildConfiguration;
			buildSettings = {
				BUNDLE_LOADER = "$(TEST_HOST)";
				INFOPLIST_FILE = PokemonMapTests/Info.plist;
				LD_RUNPATH_SEARCH_PATHS = "$(inherited) @executable_path/Frameworks @loader_path/Frameworks";
				PRODUCT_BUNDLE_IDENTIFIER = com.mobiusbobs.PokemonMapTests;
				PRODUCT_NAME = "$(TARGET_NAME)";
				TEST_HOST = "$(BUILT_PRODUCTS_DIR)/PokemonMap.app/PokemonMap";
			};
			name = Release;
		};
		096A5C2E1D45CD22004D23E6 /* Debug */ = {
			isa = XCBuildConfiguration;
			buildSettings = {
				INFOPLIST_FILE = PokemonMapUITests/Info.plist;
				LD_RUNPATH_SEARCH_PATHS = "$(inherited) @executable_path/Frameworks @loader_path/Frameworks";
				PRODUCT_BUNDLE_IDENTIFIER = com.mobiusbobs.PokemonMapUITests;
				PRODUCT_NAME = "$(TARGET_NAME)";
				TEST_TARGET_NAME = PokemonMap;
			};
			name = Debug;
		};
		096A5C2F1D45CD22004D23E6 /* Release */ = {
			isa = XCBuildConfiguration;
			buildSettings = {
				INFOPLIST_FILE = PokemonMapUITests/Info.plist;
				LD_RUNPATH_SEARCH_PATHS = "$(inherited) @executable_path/Frameworks @loader_path/Frameworks";
				PRODUCT_BUNDLE_IDENTIFIER = com.mobiusbobs.PokemonMapUITests;
				PRODUCT_NAME = "$(TARGET_NAME)";
				TEST_TARGET_NAME = PokemonMap;
			};
			name = Release;
		};
/* End XCBuildConfiguration section */

/* Begin XCConfigurationList section */
		096A5BF21D45CD21004D23E6 /* Build configuration list for PBXProject "PokemonMap" */ = {
			isa = XCConfigurationList;
			buildConfigurations = (
				096A5C251D45CD22004D23E6 /* Debug */,
				096A5C261D45CD22004D23E6 /* Release */,
			);
			defaultConfigurationIsVisible = 0;
			defaultConfigurationName = Release;
		};
		096A5C271D45CD22004D23E6 /* Build configuration list for PBXNativeTarget "PokemonMap" */ = {
			isa = XCConfigurationList;
			buildConfigurations = (
				096A5C281D45CD22004D23E6 /* Debug */,
				096A5C291D45CD22004D23E6 /* Release */,
			);
			defaultConfigurationIsVisible = 0;
			defaultConfigurationName = Release;
		};
		096A5C2A1D45CD22004D23E6 /* Build configuration list for PBXNativeTarget "PokemonMapTests" */ = {
			isa = XCConfigurationList;
			buildConfigurations = (
				096A5C2B1D45CD22004D23E6 /* Debug */,
				096A5C2C1D45CD22004D23E6 /* Release */,
			);
			defaultConfigurationIsVisible = 0;
			defaultConfigurationName = Release;
		};
		096A5C2D1D45CD22004D23E6 /* Build configuration list for PBXNativeTarget "PokemonMapUITests" */ = {
			isa = XCConfigurationList;
			buildConfigurations = (
				096A5C2E1D45CD22004D23E6 /* Debug */,
				096A5C2F1D45CD22004D23E6 /* Release */,
			);
			defaultConfigurationIsVisible = 0;
			defaultConfigurationName = Release;
		};
/* End XCConfigurationList section */

/* Begin XCVersionGroup section */
		096A5C061D45CD22004D23E6 /* PokemonMap.xcdatamodeld */ = {
			isa = XCVersionGroup;
			children = (
				096A5C071D45CD22004D23E6 /* PokemonMap.xcdatamodel */,
			);
			currentVersion = 096A5C071D45CD22004D23E6 /* PokemonMap.xcdatamodel */;
			path = PokemonMap.xcdatamodeld;
			sourceTree = "<group>";
			versionGroupType = wrapper.xcdatamodel;
		};
/* End XCVersionGroup section */
	};
	rootObject = 096A5BEF1D45CD21004D23E6 /* Project object */;
}
